<?xml version="1.0" encoding="utf-8"?>
<Project ToolsVersion="4.0" xmlns="http://schemas.microsoft.com/developer/msbuild/2003">
  <ItemGroup>
    <ClCompile Include="src\ofApp.cpp">
      <Filter>src</Filter>
    </ClCompile>
    <ClCompile Include="src\main.cpp">
      <Filter>src</Filter>
    </ClCompile>
    <ClCompile Include="..\..\..\addons\ofxGui\src\ofxBaseGui.cpp">
      <Filter>addons\ofxGui\src</Filter>
    </ClCompile>
    <ClCompile Include="..\..\..\addons\ofxGui\src\ofxButton.cpp">
      <Filter>addons\ofxGui\src</Filter>
    </ClCompile>
    <ClCompile Include="..\..\..\addons\ofxGui\src\ofxColorPicker.cpp">
      <Filter>addons\ofxGui\src</Filter>
    </ClCompile>
    <ClCompile Include="..\..\..\addons\ofxGui\src\ofxGuiGroup.cpp">
      <Filter>addons\ofxGui\src</Filter>
    </ClCompile>
    <ClCompile Include="..\..\..\addons\ofxGui\src\ofxInputField.cpp">
      <Filter>addons\ofxGui\src</Filter>
    </ClCompile>
    <ClCompile Include="..\..\..\addons\ofxGui\src\ofxLabel.cpp">
      <Filter>addons\ofxGui\src</Filter>
    </ClCompile>
    <ClCompile Include="..\..\..\addons\ofxGui\src\ofxPanel.cpp">
      <Filter>addons\ofxGui\src</Filter>
    </ClCompile>
    <ClCompile Include="..\..\..\addons\ofxGui\src\ofxSlider.cpp">
      <Filter>addons\ofxGui\src</Filter>
    </ClCompile>
    <ClCompile Include="..\..\..\addons\ofxGui\src\ofxSliderGroup.cpp">
      <Filter>addons\ofxGui\src</Filter>
    </ClCompile>
    <ClCompile Include="..\..\..\addons\ofxGui\src\ofxToggle.cpp">
      <Filter>addons\ofxGui\src</Filter>
    </ClCompile>
    <ClCompile Include="src\IndianDetectionStrategy.cpp">
      <Filter>src</Filter>
    </ClCompile>
    <ClCompile Include="src\AccessLog.cpp">
      <Filter>src</Filter>
    </ClCompile>
    <ClCompile Include="src\EUDetectionStrategy.cpp">
      <Filter>src</Filter>
    </ClCompile>
    <ClCompile Include="src\GateAccessController.cpp">
      <Filter>src</Filter>
    </ClCompile>
    <ClCompile Include="src\Platedetector.cpp">
      <Filter>src</Filter>
    </ClCompile>
    <ClCompile Include="src\Tesseractplatereader.cpp">
      <Filter>src</Filter>
    </ClCompile>
    <ClCompile Include="StartScreen.cpp" />
    <ClCompile Include="src\EUDetectionStrategy.cpp" />
    <ClCompile Include="src\Platedetector.cpp" />
    <ClCompile Include="src\Tesseractplatereader.cpp" />
    <ClCompile Include="src\AccessLog.cpp" />
    <ClCompile Include="src\GateAccessController.cpp" />
    <ClCompile Include="src\PlateDisplayer.cpp" />
    <ClCompile Include="src\GarageUI.cpp" />
    <ClCompile Include="src\ConsoleAccessLogger.cpp" />
    <ClCompile Include="src\EmailSecurityAlert.cpp" />
    <ClCompile Include="src\StartScreen.cpp" />
  </ItemGroup>
  <ItemGroup>
    <Filter Include="src">
      <UniqueIdentifier>{d8376475-7454-4a24-b08a-aac121d3ad6f}</UniqueIdentifier>
    </Filter>
    <Filter Include="addons">
      <UniqueIdentifier>{738A6C51--C8C-4-47-71-8-734-10FF7BD9237B}</UniqueIdentifier>
    </Filter>
    <Filter Include="addons\ofxGui">
      <UniqueIdentifier>{C0959246--526-2-43-9C-8-733-664AF5012D33}</UniqueIdentifier>
    </Filter>
    <Filter Include="addons\ofxGui\src">
      <UniqueIdentifier>{718B04BC--AD7-E-42-87-B-DE4-13385A1A4582}</UniqueIdentifier>
    </Filter>
  </ItemGroup>
  <ItemGroup>
    <ClInclude Include="src\ofApp.h">
      <Filter>src</Filter>
    </ClInclude>
    <ClInclude Include="..\..\..\addons\ofxGui\src\ofxBaseGui.h">
      <Filter>addons\ofxGui\src</Filter>
    </ClInclude>
    <ClInclude Include="..\..\..\addons\ofxGui\src\ofxButton.h">
      <Filter>addons\ofxGui\src</Filter>
    </ClInclude>
    <ClInclude Include="..\..\..\addons\ofxGui\src\ofxColorPicker.h">
      <Filter>addons\ofxGui\src</Filter>
    </ClInclude>
    <ClInclude Include="..\..\..\addons\ofxGui\src\ofxGui.h">
      <Filter>addons\ofxGui\src</Filter>
    </ClInclude>
    <ClInclude Include="..\..\..\addons\ofxGui\src\ofxGuiGroup.h">
      <Filter>addons\ofxGui\src</Filter>
    </ClInclude>
    <ClInclude Include="..\..\..\addons\ofxGui\src\ofxGuiUtils.h">
      <Filter>addons\ofxGui\src</Filter>
    </ClInclude>
    <ClInclude Include="..\..\..\addons\ofxGui\src\ofxInputField.h">
      <Filter>addons\ofxGui\src</Filter>
    </ClInclude>
    <ClInclude Include="..\..\..\addons\ofxGui\src\ofxLabel.h">
      <Filter>addons\ofxGui\src</Filter>
    </ClInclude>
    <ClInclude Include="..\..\..\addons\ofxGui\src\ofxPanel.h">
      <Filter>addons\ofxGui\src</Filter>
    </ClInclude>
    <ClInclude Include="..\..\..\addons\ofxGui\src\ofxSlider.h">
      <Filter>addons\ofxGui\src</Filter>
    </ClInclude>
    <ClInclude Include="..\..\..\addons\ofxGui\src\ofxSliderGroup.h">
      <Filter>addons\ofxGui\src</Filter>
    </ClInclude>
    <ClInclude Include="..\..\..\addons\ofxGui\src\ofxToggle.h">
      <Filter>addons\ofxGui\src</Filter>
    </ClInclude>
    <ClInclude Include="src\PlateDetectionStrategy.h">
      <Filter>src</Filter>
    </ClInclude>
    <ClInclude Include="src\IndianDetectionStrategy.h">
      <Filter>src</Filter>
    </ClInclude>
    <ClInclude Include="src\LicensePlate.h">
      <Filter>src</Filter>
    </ClInclude>
    <ClInclude Include="src\AccessDecision.h">
      <Filter>src</Filter>
    </ClInclude>
    <ClInclude Include="src\AccessLog.h">
      <Filter>src</Filter>
    </ClInclude>
    <ClInclude Include="src\EUDetectionStrategy.h">
      <Filter>src</Filter>
    </ClInclude>
    <ClInclude Include="src\GateAccessController.h">
      <Filter>src</Filter>
    </ClInclude>
    <ClInclude Include="src\Tesseractplatereader.h">
      <Filter>src</Filter>
    </ClInclude>
    <ClInclude Include="StartScreen.h" />
    <ClInclude Include="src\EUDetectionStrategy.h" />
    <ClInclude Include="src\Platedetector.h" />
    <ClInclude Include="src\Tesseractplatereader.h" />
    <ClInclude Include="src\AccessDecision.h" />
    <ClInclude Include="src\AccessLog.h" />
    <ClInclude Include="src\GateAccessController.h" />
    <ClInclude Include="src\PlateDisplayer.h" />
    <ClInclude Include="src\GarageUI.h" />
    <ClInclude Include="src\AccessLogger.h" />
    <ClInclude Include="src\ConsoleAccessLogger.h" />
    <ClInclude Include="src\EmailSecurityAlert.h" />
    <ClInclude Include="src\StartScreen.h" />
  </ItemGroup>
  <ItemGroup>
    <Image Include="bin\data\images\EU_DE.jpg" />
    <Image Include="bin\data\images\I_HR26.jpg" />
    <Image Include="bin\data\images\EU_DE1.jpg" />
    <Image Include="bin\data\images\EU-DE2.jpg" />
    <Image Include="bin\data\images\EU-DE3.jpg" />
    <Image Include="bin\data\images\I_MH74.jpg" />
    <Image Include="bin\data\images\I_RJ14.jpg" />
    <Image Include="bin\data\images\I_RJ19.jpg" />
    <Image Include="bin\data\images\I_TN87.jpg" />
    <Image Include="bin\data\images\EU-DE4.jpg" />
    <Image Include="bin\data\images\EU-DE5.jpg" />
    <Image Include="bin\data\images\I_MH01.jpg" />
    <Image Include="bin\data\images\I_MH20.jpg" />
  </ItemGroup>
  <ItemGroup>
    <None Include="README.md" />
    <None Include="bin\tessdata\eng.traineddata" />
    <None Include="config.make" />
    <None Include="bin\data\users.csv" />
  </ItemGroup>
</Project>